// !$*UTF8*$!
{
	archiveVersion = 1;
	classes = {
	};
	objectVersion = 46;
	objects = {

/* Begin PBXBuildFile section */
		BE3EF73A1C0A3297000B1D5A /* CollectionViewCell.swift in Sources */ = {isa = PBXBuildFile; fileRef = BE3EF7391C0A3297000B1D5A /* CollectionViewCell.swift */; };
		BE3EF73C1C0A4D63000B1D5A /* MessageViewLayout.swift in Sources */ = {isa = PBXBuildFile; fileRef = BE3EF73B1C0A4D63000B1D5A /* MessageViewLayout.swift */; };
		BE3EF7421C0A5753000B1D5A /* MessageTableViewCell.m in Sources */ = {isa = PBXBuildFile; fileRef = BE3EF7411C0A5753000B1D5A /* MessageTableViewCell.m */; };
		BE3EF7451C0A5777000B1D5A /* SLKMessageViewCell.m in Sources */ = {isa = PBXBuildFile; fileRef = BE3EF7441C0A5777000B1D5A /* SLKMessageViewCell.m */; };
		BE3EF7481C0A5813000B1D5A /* SLKMessageViewLayout.m in Sources */ = {isa = PBXBuildFile; fileRef = BE3EF7471C0A5813000B1D5A /* SLKMessageViewLayout.m */; };
		BEA5471C1BFDF118000ADC45 /* AppDelegate.swift in Sources */ = {isa = PBXBuildFile; fileRef = BEA5471B1BFDF118000ADC45 /* AppDelegate.swift */; };
		BEA5471E1BFDF118000ADC45 /* RequestCodeViewController.swift in Sources */ = {isa = PBXBuildFile; fileRef = BEA5471D1BFDF118000ADC45 /* RequestCodeViewController.swift */; };
		BEA547211BFDF118000ADC45 /* Main.storyboard in Resources */ = {isa = PBXBuildFile; fileRef = BEA5471F1BFDF118000ADC45 /* Main.storyboard */; };
		BEA547231BFDF118000ADC45 /* Assets.xcassets in Resources */ = {isa = PBXBuildFile; fileRef = BEA547221BFDF118000ADC45 /* Assets.xcassets */; };
		BEA547261BFDF118000ADC45 /* LaunchScreen.storyboard in Resources */ = {isa = PBXBuildFile; fileRef = BEA547241BFDF118000ADC45 /* LaunchScreen.storyboard */; };
		BEBFEC1C1C0D2570007B3898 /* MessageStruct.swift in Sources */ = {isa = PBXBuildFile; fileRef = BEBFEC1B1C0D2570007B3898 /* MessageStruct.swift */; };
		BED22D2D1C0A19EC00B84F43 /* AuthDetails.swift in Sources */ = {isa = PBXBuildFile; fileRef = BED22D2C1C0A19EC00B84F43 /* AuthDetails.swift */; };
		BEE5B0401C0C4838001A1CC2 /* Message.swift in Sources */ = {isa = PBXBuildFile; fileRef = BEE5B03F1C0C4838001A1CC2 /* Message.swift */; };
		BEF1BBA41C09E31200BA8088 /* CheckCodeViewController.swift in Sources */ = {isa = PBXBuildFile; fileRef = BEF1BBA31C09E31200BA8088 /* CheckCodeViewController.swift */; };
		BEF1BBA91C09F56800BA8088 /* variables.swift in Sources */ = {isa = PBXBuildFile; fileRef = BEF1BBA81C09F56800BA8088 /* variables.swift */; };
		BEF1BBAB1C09FBCF00BA8088 /* ChatViewController.swift in Sources */ = {isa = PBXBuildFile; fileRef = BEF1BBAA1C09FBCF00BA8088 /* ChatViewController.swift */; };
		D3F1DA2FAAEF7A899DBD8E41 /* Pods.framework in Frameworks */ = {isa = PBXBuildFile; fileRef = DCD711509FCD4BD9B63C367E /* Pods.framework */; };
/* End PBXBuildFile section */

/* Begin PBXFileReference section */
		37F82956EC310D786F6285EF /* Pods.debug.xcconfig */ = {isa = PBXFileReference; includeInIndex = 1; lastKnownFileType = text.xcconfig; name = Pods.debug.xcconfig; path = "Pods/Target Support Files/Pods/Pods.debug.xcconfig"; sourceTree = "<group>"; };
		B038BF02E88294D8B8C76D09 /* Pods.release.xcconfig */ = {isa = PBXFileReference; includeInIndex = 1; lastKnownFileType = text.xcconfig; name = Pods.release.xcconfig; path = "Pods/Target Support Files/Pods/Pods.release.xcconfig"; sourceTree = "<group>"; };
		BE3EF7391C0A3297000B1D5A /* CollectionViewCell.swift */ = {isa = PBXFileReference; fileEncoding = 4; lastKnownFileType = sourcecode.swift; path = CollectionViewCell.swift; sourceTree = "<group>"; };
		BE3EF73B1C0A4D63000B1D5A /* MessageViewLayout.swift */ = {isa = PBXFileReference; fileEncoding = 4; lastKnownFileType = sourcecode.swift; path = MessageViewLayout.swift; sourceTree = "<group>"; };
		BE3EF7401C0A5753000B1D5A /* MessageTableViewCell.h */ = {isa = PBXFileReference; fileEncoding = 4; lastKnownFileType = sourcecode.c.h; path = MessageTableViewCell.h; sourceTree = "<group>"; };
		BE3EF7411C0A5753000B1D5A /* MessageTableViewCell.m */ = {isa = PBXFileReference; fileEncoding = 4; lastKnownFileType = sourcecode.c.objc; path = MessageTableViewCell.m; sourceTree = "<group>"; };
		BE3EF7431C0A5777000B1D5A /* SLKMessageViewCell.h */ = {isa = PBXFileReference; fileEncoding = 4; lastKnownFileType = sourcecode.c.h; path = SLKMessageViewCell.h; sourceTree = "<group>"; };
		BE3EF7441C0A5777000B1D5A /* SLKMessageViewCell.m */ = {isa = PBXFileReference; fileEncoding = 4; lastKnownFileType = sourcecode.c.objc; path = SLKMessageViewCell.m; sourceTree = "<group>"; };
		BE3EF7461C0A5813000B1D5A /* SLKMessageViewLayout.h */ = {isa = PBXFileReference; fileEncoding = 4; lastKnownFileType = sourcecode.c.h; path = SLKMessageViewLayout.h; sourceTree = "<group>"; };
		BE3EF7471C0A5813000B1D5A /* SLKMessageViewLayout.m */ = {isa = PBXFileReference; fileEncoding = 4; lastKnownFileType = sourcecode.c.objc; path = SLKMessageViewLayout.m; sourceTree = "<group>"; };
		BE42972B1C0A0A9C00223065 /* inMac.Chat-Bridging-Header.h */ = {isa = PBXFileReference; lastKnownFileType = sourcecode.c.h; path = "inMac.Chat-Bridging-Header.h"; sourceTree = SOURCE_ROOT; };
		BEA547181BFDF118000ADC45 /* inMac.Chat.app */ = {isa = PBXFileReference; explicitFileType = wrapper.application; includeInIndex = 0; path = inMac.Chat.app; sourceTree = BUILT_PRODUCTS_DIR; };
		BEA5471B1BFDF118000ADC45 /* AppDelegate.swift */ = {isa = PBXFileReference; lastKnownFileType = sourcecode.swift; path = AppDelegate.swift; sourceTree = "<group>"; };
		BEA5471D1BFDF118000ADC45 /* RequestCodeViewController.swift */ = {isa = PBXFileReference; lastKnownFileType = sourcecode.swift; path = RequestCodeViewController.swift; sourceTree = "<group>"; };
		BEA547201BFDF118000ADC45 /* Base */ = {isa = PBXFileReference; lastKnownFileType = file.storyboard; name = Base; path = Base.lproj/Main.storyboard; sourceTree = "<group>"; };
		BEA547221BFDF118000ADC45 /* Assets.xcassets */ = {isa = PBXFileReference; lastKnownFileType = folder.assetcatalog; path = Assets.xcassets; sourceTree = "<group>"; };
		BEA547251BFDF118000ADC45 /* Base */ = {isa = PBXFileReference; lastKnownFileType = file.storyboard; name = Base; path = Base.lproj/LaunchScreen.storyboard; sourceTree = "<group>"; };
		BEA547271BFDF118000ADC45 /* Info.plist */ = {isa = PBXFileReference; lastKnownFileType = text.plist.xml; path = Info.plist; sourceTree = "<group>"; };
		BEBFEC1B1C0D2570007B3898 /* MessageStruct.swift */ = {isa = PBXFileReference; fileEncoding = 4; lastKnownFileType = sourcecode.swift; path = MessageStruct.swift; sourceTree = "<group>"; };
		BED22D2C1C0A19EC00B84F43 /* AuthDetails.swift */ = {isa = PBXFileReference; fileEncoding = 4; lastKnownFileType = sourcecode.swift; path = AuthDetails.swift; sourceTree = "<group>"; };
		BEE5B03F1C0C4838001A1CC2 /* Message.swift */ = {isa = PBXFileReference; fileEncoding = 4; lastKnownFileType = sourcecode.swift; path = Message.swift; sourceTree = "<group>"; };
		BEF1BBA31C09E31200BA8088 /* CheckCodeViewController.swift */ = {isa = PBXFileReference; fileEncoding = 4; lastKnownFileType = sourcecode.swift; path = CheckCodeViewController.swift; sourceTree = "<group>"; };
		BEF1BBA81C09F56800BA8088 /* variables.swift */ = {isa = PBXFileReference; fileEncoding = 4; lastKnownFileType = sourcecode.swift; path = variables.swift; sourceTree = "<group>"; };
		BEF1BBAA1C09FBCF00BA8088 /* ChatViewController.swift */ = {isa = PBXFileReference; fileEncoding = 4; lastKnownFileType = sourcecode.swift; path = ChatViewController.swift; sourceTree = "<group>"; };
		DCD711509FCD4BD9B63C367E /* Pods.framework */ = {isa = PBXFileReference; explicitFileType = wrapper.framework; includeInIndex = 0; path = Pods.framework; sourceTree = BUILT_PRODUCTS_DIR; };
/* End PBXFileReference section */

/* Begin PBXFrameworksBuildPhase section */
		BEA547151BFDF118000ADC45 /* Frameworks */ = {
			isa = PBXFrameworksBuildPhase;
			buildActionMask = 2147483647;
			files = (
				D3F1DA2FAAEF7A899DBD8E41 /* Pods.framework in Frameworks */,
			);
			runOnlyForDeploymentPostprocessing = 0;
		};
/* End PBXFrameworksBuildPhase section */

/* Begin PBXGroup section */
		5FED6863B011D48B164B62EF /* Frameworks */ = {
			isa = PBXGroup;
			children = (
				DCD711509FCD4BD9B63C367E /* Pods.framework */,
			);
			name = Frameworks;
			sourceTree = "<group>";
		};
		BEA5470F1BFDF118000ADC45 = {
			isa = PBXGroup;
			children = (
				BEA5471A1BFDF118000ADC45 /* inMac.Chat */,
				BEA547191BFDF118000ADC45 /* Products */,
				BF8D44EF54528D3948C8BE5B /* Pods */,
				5FED6863B011D48B164B62EF /* Frameworks */,
			);
			sourceTree = "<group>";
		};
		BEA547191BFDF118000ADC45 /* Products */ = {
			isa = PBXGroup;
			children = (
				BEA547181BFDF118000ADC45 /* inMac.Chat.app */,
			);
			name = Products;
			sourceTree = "<group>";
		};
		BEA5471A1BFDF118000ADC45 /* inMac.Chat */ = {
			isa = PBXGroup;
			children = (
				BE42972B1C0A0A9C00223065 /* inMac.Chat-Bridging-Header.h */,
				BEF1BBA71C09F54C00BA8088 /* Controllers */,
				BEF1BBA61C09F54300BA8088 /* Views */,
				BEF1BBA51C09F53E00BA8088 /* Models */,
				BEA5471B1BFDF118000ADC45 /* AppDelegate.swift */,
				BEA5471F1BFDF118000ADC45 /* Main.storyboard */,
				BEA547221BFDF118000ADC45 /* Assets.xcassets */,
				BEA547241BFDF118000ADC45 /* LaunchScreen.storyboard */,
				BEA547271BFDF118000ADC45 /* Info.plist */,
			);
			path = inMac.Chat;
			sourceTree = "<group>";
		};
		BEF1BBA51C09F53E00BA8088 /* Models */ = {
			isa = PBXGroup;
			children = (
				BE3EF7431C0A5777000B1D5A /* SLKMessageViewCell.h */,
				BE3EF7441C0A5777000B1D5A /* SLKMessageViewCell.m */,
				BE3EF7401C0A5753000B1D5A /* MessageTableViewCell.h */,
				BE3EF7411C0A5753000B1D5A /* MessageTableViewCell.m */,
				BE3EF7461C0A5813000B1D5A /* SLKMessageViewLayout.h */,
				BE3EF7471C0A5813000B1D5A /* SLKMessageViewLayout.m */,
				BEF1BBA81C09F56800BA8088 /* variables.swift */,
				BED22D2C1C0A19EC00B84F43 /* AuthDetails.swift */,
				BE3EF7391C0A3297000B1D5A /* CollectionViewCell.swift */,
				BE3EF73B1C0A4D63000B1D5A /* MessageViewLayout.swift */,
				BEE5B03F1C0C4838001A1CC2 /* Message.swift */,
				BEBFEC1B1C0D2570007B3898 /* MessageStruct.swift */,
			);
			name = Models;
			sourceTree = "<group>";
		};
		BEF1BBA61C09F54300BA8088 /* Views */ = {
			isa = PBXGroup;
			children = (
			);
			name = Views;
			sourceTree = "<group>";
		};
		BEF1BBA71C09F54C00BA8088 /* Controllers */ = {
			isa = PBXGroup;
			children = (
				BEA5471D1BFDF118000ADC45 /* RequestCodeViewController.swift */,
				BEF1BBA31C09E31200BA8088 /* CheckCodeViewController.swift */,
				BEF1BBAA1C09FBCF00BA8088 /* ChatViewController.swift */,
			);
			name = Controllers;
			sourceTree = "<group>";
		};
		BF8D44EF54528D3948C8BE5B /* Pods */ = {
			isa = PBXGroup;
			children = (
				37F82956EC310D786F6285EF /* Pods.debug.xcconfig */,
				B038BF02E88294D8B8C76D09 /* Pods.release.xcconfig */,
			);
			name = Pods;
			sourceTree = "<group>";
		};
/* End PBXGroup section */

/* Begin PBXNativeTarget section */
		BEA547171BFDF118000ADC45 /* inMac.Chat */ = {
			isa = PBXNativeTarget;
			buildConfigurationList = BEA5472A1BFDF118000ADC45 /* Build configuration list for PBXNativeTarget "inMac.Chat" */;
			buildPhases = (
				CA8A042B39025D25E4300BC7 /* Check Pods Manifest.lock */,
				BEA547141BFDF118000ADC45 /* Sources */,
				BEA547151BFDF118000ADC45 /* Frameworks */,
				BEA547161BFDF118000ADC45 /* Resources */,
				EBC278DD8E190B915A901B07 /* Embed Pods Frameworks */,
				500372D4349A896D07B0EEAB /* Copy Pods Resources */,
			);
			buildRules = (
			);
			dependencies = (
			);
			name = inMac.Chat;
			productName = inMac.Chat;
			productReference = BEA547181BFDF118000ADC45 /* inMac.Chat.app */;
			productType = "com.apple.product-type.application";
		};
/* End PBXNativeTarget section */

/* Begin PBXProject section */
		BEA547101BFDF118000ADC45 /* Project object */ = {
			isa = PBXProject;
			attributes = {
				LastSwiftUpdateCheck = 0710;
				LastUpgradeCheck = 0710;
				ORGANIZATIONNAME = "Gleb Karpushkin";
				TargetAttributes = {
					BEA547171BFDF118000ADC45 = {
						CreatedOnToolsVersion = 7.1.1;
						DevelopmentTeam = QHQL7836SK;
					};
				};
			};
			buildConfigurationList = BEA547131BFDF118000ADC45 /* Build configuration list for PBXProject "inMac.Chat" */;
			compatibilityVersion = "Xcode 3.2";
			developmentRegion = English;
			hasScannedForEncodings = 0;
			knownRegions = (
				en,
				Base,
			);
			mainGroup = BEA5470F1BFDF118000ADC45;
			productRefGroup = BEA547191BFDF118000ADC45 /* Products */;
			projectDirPath = "";
			projectRoot = "";
			targets = (
				BEA547171BFDF118000ADC45 /* inMac.Chat */,
			);
		};
/* End PBXProject section */

/* Begin PBXResourcesBuildPhase section */
		BEA547161BFDF118000ADC45 /* Resources */ = {
			isa = PBXResourcesBuildPhase;
			buildActionMask = 2147483647;
			files = (
				BEA547261BFDF118000ADC45 /* LaunchScreen.storyboard in Resources */,
				BEA547231BFDF118000ADC45 /* Assets.xcassets in Resources */,
				BEA547211BFDF118000ADC45 /* Main.storyboard in Resources */,
			);
			runOnlyForDeploymentPostprocessing = 0;
		};
/* End PBXResourcesBuildPhase section */

/* Begin PBXShellScriptBuildPhase section */
		500372D4349A896D07B0EEAB /* Copy Pods Resources */ = {
			isa = PBXShellScriptBuildPhase;
			buildActionMask = 2147483647;
			files = (
			);
			inputPaths = (
			);
			name = "Copy Pods Resources";
			outputPaths = (
			);
			runOnlyForDeploymentPostprocessing = 0;
			shellPath = /bin/sh;
			shellScript = "\"${SRCROOT}/Pods/Target Support Files/Pods/Pods-resources.sh\"\n";
			showEnvVarsInLog = 0;
		};
		CA8A042B39025D25E4300BC7 /* Check Pods Manifest.lock */ = {
			isa = PBXShellScriptBuildPhase;
			buildActionMask = 2147483647;
			files = (
			);
			inputPaths = (
			);
			name = "Check Pods Manifest.lock";
			outputPaths = (
			);
			runOnlyForDeploymentPostprocessing = 0;
			shellPath = /bin/sh;
			shellScript = "diff \"${PODS_ROOT}/../Podfile.lock\" \"${PODS_ROOT}/Manifest.lock\" > /dev/null\nif [[ $? != 0 ]] ; then\n    cat << EOM\nerror: The sandbox is not in sync with the Podfile.lock. Run 'pod install' or update your CocoaPods installation.\nEOM\n    exit 1\nfi\n";
			showEnvVarsInLog = 0;
		};
		EBC278DD8E190B915A901B07 /* Embed Pods Frameworks */ = {
			isa = PBXShellScriptBuildPhase;
			buildActionMask = 2147483647;
			files = (
			);
			inputPaths = (
			);
			name = "Embed Pods Frameworks";
			outputPaths = (
			);
			runOnlyForDeploymentPostprocessing = 0;
			shellPath = /bin/sh;
			shellScript = "\"${SRCROOT}/Pods/Target Support Files/Pods/Pods-frameworks.sh\"\n";
			showEnvVarsInLog = 0;
		};
/* End PBXShellScriptBuildPhase section */

/* Begin PBXSourcesBuildPhase section */
		BEA547141BFDF118000ADC45 /* Sources */ = {
			isa = PBXSourcesBuildPhase;
			buildActionMask = 2147483647;
			files = (
				BE3EF73C1C0A4D63000B1D5A /* MessageViewLayout.swift in Sources */,
				BEF1BBA41C09E31200BA8088 /* CheckCodeViewController.swift in Sources */,
				BEA5471E1BFDF118000ADC45 /* RequestCodeViewController.swift in Sources */,
				BED22D2D1C0A19EC00B84F43 /* AuthDetails.swift in Sources */,
				BE3EF73A1C0A3297000B1D5A /* CollectionViewCell.swift in Sources */,
				BEA5471C1BFDF118000ADC45 /* AppDelegate.swift in Sources */,
				BE3EF7421C0A5753000B1D5A /* MessageTableViewCell.m in Sources */,
				BE3EF7451C0A5777000B1D5A /* SLKMessageViewCell.m in Sources */,
				BE3EF7481C0A5813000B1D5A /* SLKMessageViewLayout.m in Sources */,
				BEE5B0401C0C4838001A1CC2 /* Message.swift in Sources */,
				BEF1BBAB1C09FBCF00BA8088 /* ChatViewController.swift in Sources */,
				BEF1BBA91C09F56800BA8088 /* variables.swift in Sources */,
				BEBFEC1C1C0D2570007B3898 /* MessageStruct.swift in Sources */,
			);
			runOnlyForDeploymentPostprocessing = 0;
		};
/* End PBXSourcesBuildPhase section */

/* Begin PBXVariantGroup section */
		BEA5471F1BFDF118000ADC45 /* Main.storyboard */ = {
			isa = PBXVariantGroup;
			children = (
				BEA547201BFDF118000ADC45 /* Base */,
			);
			name = Main.storyboard;
			sourceTree = "<group>";
		};
		BEA547241BFDF118000ADC45 /* LaunchScreen.storyboard */ = {
			isa = PBXVariantGroup;
			children = (
				BEA547251BFDF118000ADC45 /* Base */,
			);
			name = LaunchScreen.storyboard;
			sourceTree = "<group>";
		};
/* End PBXVariantGroup section */

/* Begin XCBuildConfiguration section */
		BEA547281BFDF118000ADC45 /* Debug */ = {
			isa = XCBuildConfiguration;
			buildSettings = {
				ALWAYS_SEARCH_USER_PATHS = NO;
				CLANG_CXX_LANGUAGE_STANDARD = "gnu++0x";
				CLANG_CXX_LIBRARY = "libc++";
				CLANG_ENABLE_MODULES = YES;
				CLANG_ENABLE_OBJC_ARC = YES;
				CLANG_WARN_BOOL_CONVERSION = YES;
				CLANG_WARN_CONSTANT_CONVERSION = YES;
				CLANG_WARN_DIRECT_OBJC_ISA_USAGE = YES_ERROR;
				CLANG_WARN_EMPTY_BODY = YES;
				CLANG_WARN_ENUM_CONVERSION = YES;
				CLANG_WARN_INT_CONVERSION = YES;
				CLANG_WARN_OBJC_ROOT_CLASS = YES_ERROR;
				CLANG_WARN_UNREACHABLE_CODE = YES;
				CLANG_WARN__DUPLICATE_METHOD_MATCH = YES;
				"CODE_SIGN_IDENTITY[sdk=iphoneos*]" = "iPhone Developer";
				COPY_PHASE_STRIP = NO;
				DEBUG_INFORMATION_FORMAT = dwarf;
				ENABLE_STRICT_OBJC_MSGSEND = YES;
				ENABLE_TESTABILITY = YES;
				GCC_C_LANGUAGE_STANDARD = gnu99;
				GCC_DYNAMIC_NO_PIC = NO;
				GCC_NO_COMMON_BLOCKS = YES;
				GCC_OPTIMIZATION_LEVEL = 0;
				GCC_PREPROCESSOR_DEFINITIONS = (
					"DEBUG=1",
					"$(inherited)",
				);
				GCC_WARN_64_TO_32_BIT_CONVERSION = YES;
				GCC_WARN_ABOUT_RETURN_TYPE = YES_ERROR;
				GCC_WARN_UNDECLARED_SELECTOR = YES;
				GCC_WARN_UNINITIALIZED_AUTOS = YES_AGGRESSIVE;
				GCC_WARN_UNUSED_FUNCTION = YES;
				GCC_WARN_UNUSED_VARIABLE = YES;
				IPHONEOS_DEPLOYMENT_TARGET = 9.1;
				MTL_ENABLE_DEBUG_INFO = YES;
				ONLY_ACTIVE_ARCH = YES;
				SDKROOT = iphoneos;
				SWIFT_OPTIMIZATION_LEVEL = "-Onone";
			};
			name = Debug;
		};
		BEA547291BFDF118000ADC45 /* Release */ = {
			isa = XCBuildConfiguration;
			buildSettings = {
				ALWAYS_SEARCH_USER_PATHS = NO;
				CLANG_CXX_LANGUAGE_STANDARD = "gnu++0x";
				CLANG_CXX_LIBRARY = "libc++";
				CLANG_ENABLE_MODULES = YES;
				CLANG_ENABLE_OBJC_ARC = YES;
				CLANG_WARN_BOOL_CONVERSION = YES;
				CLANG_WARN_CONSTANT_CONVERSION = YES;
				CLANG_WARN_DIRECT_OBJC_ISA_USAGE = YES_ERROR;
				CLANG_WARN_EMPTY_BODY = YES;
				CLANG_WARN_ENUM_CONVERSION = YES;
				CLANG_WARN_INT_CONVERSION = YES;
				CLANG_WARN_OBJC_ROOT_CLASS = YES_ERROR;
				CLANG_WARN_UNREACHABLE_CODE = YES;
				CLANG_WARN__DUPLICATE_METHOD_MATCH = YES;
				"CODE_SIGN_IDENTITY[sdk=iphoneos*]" = "iPhone Developer";
				COPY_PHASE_STRIP = NO;
				DEBUG_INFORMATION_FORMAT = "dwarf-with-dsym";
				ENABLE_NS_ASSERTIONS = NO;
				ENABLE_STRICT_OBJC_MSGSEND = YES;
				GCC_C_LANGUAGE_STANDARD = gnu99;
				GCC_NO_COMMON_BLOCKS = YES;
				GCC_WARN_64_TO_32_BIT_CONVERSION = YES;
				GCC_WARN_ABOUT_RETURN_TYPE = YES_ERROR;
				GCC_WARN_UNDECLARED_SELECTOR = YES;
				GCC_WARN_UNINITIALIZED_AUTOS = YES_AGGRESSIVE;
				GCC_WARN_UNUSED_FUNCTION = YES;
				GCC_WARN_UNUSED_VARIABLE = YES;
				IPHONEOS_DEPLOYMENT_TARGET = 9.1;
				MTL_ENABLE_DEBUG_INFO = NO;
				SDKROOT = iphoneos;
				VALIDATE_PRODUCT = YES;
			};
			name = Release;
		};
		BEA5472B1BFDF118000ADC45 /* Debug */ = {
			isa = XCBuildConfiguration;
			baseConfigurationReference = 37F82956EC310D786F6285EF /* Pods.debug.xcconfig */;
			buildSettings = {
				ASSETCATALOG_COMPILER_APPICON_NAME = AppIcon;
				CLANG_ENABLE_MODULES = YES;
				CODE_SIGN_IDENTITY = "iPhone Developer";
				INFOPLIST_FILE = inMac.Chat/Info.plist;
				IPHONEOS_DEPLOYMENT_TARGET = 8.0;
				LD_RUNPATH_SEARCH_PATHS = "$(inherited) @executable_path/Frameworks";
				PRODUCT_BUNDLE_IDENTIFIER = "com.eyerise.inMac-Chat";
				PRODUCT_NAME = "$(TARGET_NAME)";
				SWIFT_OBJC_BRIDGING_HEADER = "inMac.Chat-Bridging-Header.h";
				SWIFT_OPTIMIZATION_LEVEL = "-Onone";
			};
			name = Debug;
		};
		BEA5472C1BFDF118000ADC45 /* Release */ = {
			isa = XCBuildConfiguration;
			baseConfigurationReference = B038BF02E88294D8B8C76D09 /* Pods.release.xcconfig */;
			buildSettings = {
				ASSETCATALOG_COMPILER_APPICON_NAME = AppIcon;
				CLANG_ENABLE_MODULES = YES;
				CODE_SIGN_IDENTITY = "iPhone Developer";
				INFOPLIST_FILE = inMac.Chat/Info.plist;
				IPHONEOS_DEPLOYMENT_TARGET = 8.0;
				LD_RUNPATH_SEARCH_PATHS = "$(inherited) @executable_path/Frameworks";
				PRODUCT_BUNDLE_IDENTIFIER = "com.eyerise.inMac-Chat";
				PRODUCT_NAME = "$(TARGET_NAME)";
				SWIFT_OBJC_BRIDGING_HEADER = "inMac.Chat-Bridging-Header.h";
			};
			name = Release;
		};
/* End XCBuildConfiguration section */

/* Begin XCConfigurationList section */
		BEA547131BFDF118000ADC45 /* Build configuration list for PBXProject "inMac.Chat" */ = {
			isa = XCConfigurationList;
			buildConfigurations = (
				BEA547281BFDF118000ADC45 /* Debug */,
				BEA547291BFDF118000ADC45 /* Release */,
			);
			defaultConfigurationIsVisible = 0;
			defaultConfigurationName = Release;
		};
		BEA5472A1BFDF118000ADC45 /* Build configuration list for PBXNativeTarget "inMac.Chat" */ = {
			isa = XCConfigurationList;
			buildConfigurations = (
				BEA5472B1BFDF118000ADC45 /* Debug */,
				BEA5472C1BFDF118000ADC45 /* Release */,
			);
			defaultConfigurationIsVisible = 0;
			defaultConfigurationName = Release;
		};
/* End XCConfigurationList section */
	};
	rootObject = BEA547101BFDF118000ADC45 /* Project object */;
}
